
Microsoft Visual Studio Solution File, Format Version 12.00
# Visual Studio Version 16
VisualStudioVersion = 16.0.31911.196
MinimumVisualStudioVersion = 10.0.40219.1
Project("{FAE04EC0-301F-11D3-BF4B-00C04F79EFBC}") = "MediaTestOne", "MediaTestOne\MediaTestOne.csproj", "{FF8D0BE9-6FC5-4279-B5A9-60400B717F74}"
EndProject
Global
	GlobalSection(SolutionConfigurationPlatforms) = preSolution
		Debug|Any CPU = Debug|Any CPU
		Release|Any CPU = Release|Any CPU
	EndGlobalSection
	GlobalSection(ProjectConfigurationPlatforms) = postSolution
		{FF8D0BE9-6FC5-4279-B5A9-60400B717F74}.Debug|Any CPU.ActiveCfg = Debug|Any CPU
		{FF8D0BE9-6FC5-4279-B5A9-60400B717F74}.Debug|Any CPU.Build.0 = Debug|Any CPU
		{FF8D0BE9-6FC5-4279-B5A9-60400B717F74}.Release|Any CPU.ActiveCfg = Release|Any CPU
		{FF8D0BE9-6FC5-4279-B5A9-60400B717F74}.Release|Any CPU.Build.0 = Release|Any CPU
	EndGlobalSection
	GlobalSection(SolutionProperties) = preSolution
		HideSolutionNode = FALSE
	EndGlobalSection
	GlobalSection(ExtensibilityGlobals) = postSolution
		SolutionGuid = {7B763D32-F0F2-466D-99E6-529B48801DE2}
	EndGlobalSection
EndGlobal
